
Microsoft Visual Studio Solution File, Format Version 12.00
# Visual Studio Version 16
VisualStudioVersion = 16.0.29215.179
MinimumVisualStudioVersion = 10.0.40219.1
Project("{FAE04EC0-301F-11D3-BF4B-00C04F79EFBC}") = "SongsAndVotesMain", "SongsAndVotesMain\SongsAndVotesMain.csproj", "{00ED4369-0447-4D31-90AE-2AD018644553}"
EndProject
Project("{FAE04EC0-301F-11D3-BF4B-00C04F79EFBC}") = "SongsAndVotesCommon", "SongsAndVotesCommon\SongsAndVotesCommon.csproj", "{FD879632-F824-4119-8311-96846769950D}"
EndProject
Project("{FAE04EC0-301F-11D3-BF4B-00C04F79EFBC}") = "taglib-sharp", "C:\Users\DJTom\OneDrive\Plocha\TagLibProject\taglib-sharp\taglib-sharp.csproj", "{6B143A39-C7B2-4743-9917-92262C60E9A6}"
EndProject
Global
	GlobalSection(SolutionConfigurationPlatforms) = preSolution
		Debug|Any CPU = Debug|Any CPU
		Release|Any CPU = Release|Any CPU
	EndGlobalSection
	GlobalSection(ProjectConfigurationPlatforms) = postSolution
		{00ED4369-0447-4D31-90AE-2AD018644553}.Debug|Any CPU.ActiveCfg = Debug|Any CPU
		{00ED4369-0447-4D31-90AE-2AD018644553}.Debug|Any CPU.Build.0 = Debug|Any CPU
		{00ED4369-0447-4D31-90AE-2AD018644553}.Release|Any CPU.ActiveCfg = Release|Any CPU
		{00ED4369-0447-4D31-90AE-2AD018644553}.Release|Any CPU.Build.0 = Release|Any CPU
		{FD879632-F824-4119-8311-96846769950D}.Debug|Any CPU.ActiveCfg = Debug|Any CPU
		{FD879632-F824-4119-8311-96846769950D}.Debug|Any CPU.Build.0 = Debug|Any CPU
		{FD879632-F824-4119-8311-96846769950D}.Release|Any CPU.ActiveCfg = Release|Any CPU
		{FD879632-F824-4119-8311-96846769950D}.Release|Any CPU.Build.0 = Release|Any CPU
		{6B143A39-C7B2-4743-9917-92262C60E9A6}.Debug|Any CPU.ActiveCfg = Debug|Any CPU
		{6B143A39-C7B2-4743-9917-92262C60E9A6}.Debug|Any CPU.Build.0 = Debug|Any CPU
		{6B143A39-C7B2-4743-9917-92262C60E9A6}.Release|Any CPU.ActiveCfg = Release|Any CPU
		{6B143A39-C7B2-4743-9917-92262C60E9A6}.Release|Any CPU.Build.0 = Release|Any CPU
	EndGlobalSection
	GlobalSection(SolutionProperties) = preSolution
		HideSolutionNode = FALSE
	EndGlobalSection
	GlobalSection(ExtensibilityGlobals) = postSolution
		SolutionGuid = {929CF5C3-599E-40F3-BF79-E46F881A97B9}
	EndGlobalSection
EndGlobal
